// !$*UTF8*$!
{
	archiveVersion = 1;
	classes = {
	};
	objectVersion = 50;
	objects = {

/* Begin PBXBuildFile section */
		FE7E8CA52531A2C400CD6E0C /* AppDelegate.swift in Sources */ = {isa = PBXBuildFile; fileRef = FE7E8CA42531A2C400CD6E0C /* AppDelegate.swift */; };
		FE7E8CA72531A2C400CD6E0C /* SceneDelegate.swift in Sources */ = {isa = PBXBuildFile; fileRef = FE7E8CA62531A2C400CD6E0C /* SceneDelegate.swift */; };
		FE7E8CA92531A2C400CD6E0C /* ContentView.swift in Sources */ = {isa = PBXBuildFile; fileRef = FE7E8CA82531A2C400CD6E0C /* ContentView.swift */; };
		FE7E8CAB2531A2C500CD6E0C /* Assets.xcassets in Resources */ = {isa = PBXBuildFile; fileRef = FE7E8CAA2531A2C500CD6E0C /* Assets.xcassets */; };
		FE7E8CAE2531A2C500CD6E0C /* Preview Assets.xcassets in Resources */ = {isa = PBXBuildFile; fileRef = FE7E8CAD2531A2C500CD6E0C /* Preview Assets.xcassets */; };
		FE7E8CB12531A2C500CD6E0C /* LaunchScreen.storyboard in Resources */ = {isa = PBXBuildFile; fileRef = FE7E8CAF2531A2C500CD6E0C /* LaunchScreen.storyboard */; };
		FEF743DA2531A33300508BF4 /* Furniture.swift in Sources */ = {isa = PBXBuildFile; fileRef = FEF743D92531A33300508BF4 /* Furniture.swift */; };
		FEF743DC2531A39300508BF4 /* Home.swift in Sources */ = {isa = PBXBuildFile; fileRef = FEF743DB2531A39300508BF4 /* Home.swift */; };
		FEF743DE2531A3CA00508BF4 /* Cart.swift in Sources */ = {isa = PBXBuildFile; fileRef = FEF743DD2531A3CA00508BF4 /* Cart.swift */; };
		FEF743E02531A3DA00508BF4 /* Search.swift in Sources */ = {isa = PBXBuildFile; fileRef = FEF743DF2531A3DA00508BF4 /* Search.swift */; };
		FEF743E22531A3ED00508BF4 /* Account.swift in Sources */ = {isa = PBXBuildFile; fileRef = FEF743E12531A3ED00508BF4 /* Account.swift */; };
		FEF743E42531A3FF00508BF4 /* TabView.swift in Sources */ = {isa = PBXBuildFile; fileRef = FEF743E32531A3FF00508BF4 /* TabView.swift */; };
/* End PBXBuildFile section */

/* Begin PBXFileReference section */
		FE7E8CA12531A2C400CD6E0C /* FurnitureSwiftUI.app */ = {isa = PBXFileReference; explicitFileType = wrapper.application; includeInIndex = 0; path = FurnitureSwiftUI.app; sourceTree = BUILT_PRODUCTS_DIR; };
		FE7E8CA42531A2C400CD6E0C /* AppDelegate.swift */ = {isa = PBXFileReference; lastKnownFileType = sourcecode.swift; path = AppDelegate.swift; sourceTree = "<group>"; };
		FE7E8CA62531A2C400CD6E0C /* SceneDelegate.swift */ = {isa = PBXFileReference; lastKnownFileType = sourcecode.swift; path = SceneDelegate.swift; sourceTree = "<group>"; };
		FE7E8CA82531A2C400CD6E0C /* ContentView.swift */ = {isa = PBXFileReference; lastKnownFileType = sourcecode.swift; path = ContentView.swift; sourceTree = "<group>"; };
		FE7E8CAA2531A2C500CD6E0C /* Assets.xcassets */ = {isa = PBXFileReference; lastKnownFileType = folder.assetcatalog; path = Assets.xcassets; sourceTree = "<group>"; };
		FE7E8CAD2531A2C500CD6E0C /* Preview Assets.xcassets */ = {isa = PBXFileReference; lastKnownFileType = folder.assetcatalog; path = "Preview Assets.xcassets"; sourceTree = "<group>"; };
		FE7E8CB02531A2C500CD6E0C /* Base */ = {isa = PBXFileReference; lastKnownFileType = file.storyboard; name = Base; path = Base.lproj/LaunchScreen.storyboard; sourceTree = "<group>"; };
		FE7E8CB22531A2C500CD6E0C /* Info.plist */ = {isa = PBXFileReference; lastKnownFileType = text.plist.xml; path = Info.plist; sourceTree = "<group>"; };
		FEF743D92531A33300508BF4 /* Furniture.swift */ = {isa = PBXFileReference; lastKnownFileType = sourcecode.swift; path = Furniture.swift; sourceTree = "<group>"; };
		FEF743DB2531A39300508BF4 /* Home.swift */ = {isa = PBXFileReference; lastKnownFileType = sourcecode.swift; path = Home.swift; sourceTree = "<group>"; };
		FEF743DD2531A3CA00508BF4 /* Cart.swift */ = {isa = PBXFileReference; lastKnownFileType = sourcecode.swift; path = Cart.swift; sourceTree = "<group>"; };
		FEF743DF2531A3DA00508BF4 /* Search.swift */ = {isa = PBXFileReference; lastKnownFileType = sourcecode.swift; path = Search.swift; sourceTree = "<group>"; };
		FEF743E12531A3ED00508BF4 /* Account.swift */ = {isa = PBXFileReference; lastKnownFileType = sourcecode.swift; path = Account.swift; sourceTree = "<group>"; };
		FEF743E32531A3FF00508BF4 /* TabView.swift */ = {isa = PBXFileReference; lastKnownFileType = sourcecode.swift; path = TabView.swift; sourceTree = "<group>"; };
/* End PBXFileReference section */

/* Begin PBXFrameworksBuildPhase section */
		FE7E8C9E2531A2C400CD6E0C /* Frameworks */ = {
			isa = PBXFrameworksBuildPhase;
			buildActionMask = 2147483647;
			files = (
			);
			runOnlyForDeploymentPostprocessing = 0;
		};
/* End PBXFrameworksBuildPhase section */

/* Begin PBXGroup section */
		FE7E8C982531A2C400CD6E0C = {
			isa = PBXGroup;
			children = (
				FE7E8CA32531A2C400CD6E0C /* FurnitureSwiftUI */,
				FE7E8CA22531A2C400CD6E0C /* Products */,
			);
			sourceTree = "<group>";
		};
		FE7E8CA22531A2C400CD6E0C /* Products */ = {
			isa = PBXGroup;
			children = (
				FE7E8CA12531A2C400CD6E0C /* FurnitureSwiftUI.app */,
			);
			name = Products;
			sourceTree = "<group>";
		};
		FE7E8CA32531A2C400CD6E0C /* FurnitureSwiftUI */ = {
			isa = PBXGroup;
			children = (
				FE7E8CB92531A2D800CD6E0C /* Application */,
				FEF743D82531A32400508BF4 /* Models */,
				FE7E8CB82531A2D500CD6E0C /* Views */,
				FE7E8CAA2531A2C500CD6E0C /* Assets.xcassets */,
				FE7E8CAC2531A2C500CD6E0C /* Preview Content */,
			);
			path = FurnitureSwiftUI;
			sourceTree = "<group>";
		};
		FE7E8CAC2531A2C500CD6E0C /* Preview Content */ = {
			isa = PBXGroup;
			children = (
				FE7E8CAD2531A2C500CD6E0C /* Preview Assets.xcassets */,
			);
			path = "Preview Content";
			sourceTree = "<group>";
		};
		FE7E8CB82531A2D500CD6E0C /* Views */ = {
			isa = PBXGroup;
			children = (
				FE7E8CAF2531A2C500CD6E0C /* LaunchScreen.storyboard */,
				FE7E8CA82531A2C400CD6E0C /* ContentView.swift */,
				FEF743DB2531A39300508BF4 /* Home.swift */,
				FEF743DD2531A3CA00508BF4 /* Cart.swift */,
				FEF743DF2531A3DA00508BF4 /* Search.swift */,
				FEF743E12531A3ED00508BF4 /* Account.swift */,
				FEF743E32531A3FF00508BF4 /* TabView.swift */,
			);
			path = Views;
			sourceTree = "<group>";
		};
		FE7E8CB92531A2D800CD6E0C /* Application */ = {
			isa = PBXGroup;
			children = (
				FE7E8CA62531A2C400CD6E0C /* SceneDelegate.swift */,
				FE7E8CA42531A2C400CD6E0C /* AppDelegate.swift */,
				FE7E8CB22531A2C500CD6E0C /* Info.plist */,
			);
			path = Application;
			sourceTree = "<group>";
		};
		FEF743D82531A32400508BF4 /* Models */ = {
			isa = PBXGroup;
			children = (
				FEF743D92531A33300508BF4 /* Furniture.swift */,
			);
			path = Models;
			sourceTree = "<group>";
		};
/* End PBXGroup section */

/* Begin PBXNativeTarget section */
		FE7E8CA02531A2C400CD6E0C /* FurnitureSwiftUI */ = {
			isa = PBXNativeTarget;
			buildConfigurationList = FE7E8CB52531A2C500CD6E0C /* Build configuration list for PBXNativeTarget "FurnitureSwiftUI" */;
			buildPhases = (
				FE7E8C9D2531A2C400CD6E0C /* Sources */,
				FE7E8C9E2531A2C400CD6E0C /* Frameworks */,
				FE7E8C9F2531A2C400CD6E0C /* Resources */,
			);
			buildRules = (
			);
			dependencies = (
			);
			name = FurnitureSwiftUI;
			productName = FurnitureSwiftUI;
			productReference = FE7E8CA12531A2C400CD6E0C /* FurnitureSwiftUI.app */;
			productType = "com.apple.product-type.application";
		};
/* End PBXNativeTarget section */

/* Begin PBXProject section */
		FE7E8C992531A2C400CD6E0C /* Project object */ = {
			isa = PBXProject;
			attributes = {
				LastSwiftUpdateCheck = 1130;
				LastUpgradeCheck = 1130;
				ORGANIZATIONNAME = Tarokh;
				TargetAttributes = {
					FE7E8CA02531A2C400CD6E0C = {
						CreatedOnToolsVersion = 11.3.1;
					};
				};
			};
			buildConfigurationList = FE7E8C9C2531A2C400CD6E0C /* Build configuration list for PBXProject "FurnitureSwiftUI" */;
			compatibilityVersion = "Xcode 9.3";
			developmentRegion = en;
			hasScannedForEncodings = 0;
			knownRegions = (
				en,
				Base,
			);
			mainGroup = FE7E8C982531A2C400CD6E0C;
			productRefGroup = FE7E8CA22531A2C400CD6E0C /* Products */;
			projectDirPath = "";
			projectRoot = "";
			targets = (
				FE7E8CA02531A2C400CD6E0C /* FurnitureSwiftUI */,
			);
		};
/* End PBXProject section */

/* Begin PBXResourcesBuildPhase section */
		FE7E8C9F2531A2C400CD6E0C /* Resources */ = {
			isa = PBXResourcesBuildPhase;
			buildActionMask = 2147483647;
			files = (
				FE7E8CB12531A2C500CD6E0C /* LaunchScreen.storyboard in Resources */,
				FE7E8CAE2531A2C500CD6E0C /* Preview Assets.xcassets in Resources */,
				FE7E8CAB2531A2C500CD6E0C /* Assets.xcassets in Resources */,
			);
			runOnlyForDeploymentPostprocessing = 0;
		};
/* End PBXResourcesBuildPhase section */

/* Begin PBXSourcesBuildPhase section */
		FE7E8C9D2531A2C400CD6E0C /* Sources */ = {
			isa = PBXSourcesBuildPhase;
			buildActionMask = 2147483647;
			files = (
				FE7E8CA52531A2C400CD6E0C /* AppDelegate.swift in Sources */,
				FEF743DE2531A3CA00508BF4 /* Cart.swift in Sources */,
				FE7E8CA72531A2C400CD6E0C /* SceneDelegate.swift in Sources */,
				FEF743DC2531A39300508BF4 /* Home.swift in Sources */,
				FEF743DA2531A33300508BF4 /* Furniture.swift in Sources */,
				FEF743E22531A3ED00508BF4 /* Account.swift in Sources */,
				FE7E8CA92531A2C400CD6E0C /* ContentView.swift in Sources */,
				FEF743E42531A3FF00508BF4 /* TabView.swift in Sources */,
				FEF743E02531A3DA00508BF4 /* Search.swift in Sources */,
			);
			runOnlyForDeploymentPostprocessing = 0;
		};
/* End PBXSourcesBuildPhase section */

/* Begin PBXVariantGroup section */
		FE7E8CAF2531A2C500CD6E0C /* LaunchScreen.storyboard */ = {
			isa = PBXVariantGroup;
			children = (
				FE7E8CB02531A2C500CD6E0C /* Base */,
			);
			name = LaunchScreen.storyboard;
			sourceTree = "<group>";
		};
/* End PBXVariantGroup section */

/* Begin XCBuildConfiguration section */
		FE7E8CB32531A2C500CD6E0C /* Debug */ = {
			isa = XCBuildConfiguration;
			buildSettings = {
				ALWAYS_SEARCH_USER_PATHS = NO;
				CLANG_ANALYZER_NONNULL = YES;
				CLANG_ANALYZER_NUMBER_OBJECT_CONVERSION = YES_AGGRESSIVE;
				CLANG_CXX_LANGUAGE_STANDARD = "gnu++14";
				CLANG_CXX_LIBRARY = "libc++";
				CLANG_ENABLE_MODULES = YES;
				CLANG_ENABLE_OBJC_ARC = YES;
				CLANG_ENABLE_OBJC_WEAK = YES;
				CLANG_WARN_BLOCK_CAPTURE_AUTORELEASING = YES;
				CLANG_WARN_BOOL_CONVERSION = YES;
				CLANG_WARN_COMMA = YES;
				CLANG_WARN_CONSTANT_CONVERSION = YES;
				CLANG_WARN_DEPRECATED_OBJC_IMPLEMENTATIONS = YES;
				CLANG_WARN_DIRECT_OBJC_ISA_USAGE = YES_ERROR;
				CLANG_WARN_DOCUMENTATION_COMMENTS = YES;
				CLANG_WARN_EMPTY_BODY = YES;
				CLANG_WARN_ENUM_CONVERSION = YES;
				CLANG_WARN_INFINITE_RECURSION = YES;
				CLANG_WARN_INT_CONVERSION = YES;
				CLANG_WARN_NON_LITERAL_NULL_CONVERSION = YES;
				CLANG_WARN_OBJC_IMPLICIT_RETAIN_SELF = YES;
				CLANG_WARN_OBJC_LITERAL_CONVERSION = YES;
				CLANG_WARN_OBJC_ROOT_CLASS = YES_ERROR;
				CLANG_WARN_RANGE_LOOP_ANALYSIS = YES;
				CLANG_WARN_STRICT_PROTOTYPES = YES;
				CLANG_WARN_SUSPICIOUS_MOVE = YES;
				CLANG_WARN_UNGUARDED_AVAILABILITY = YES_AGGRESSIVE;
				CLANG_WARN_UNREACHABLE_CODE = YES;
				CLANG_WARN__DUPLICATE_METHOD_MATCH = YES;
				COPY_PHASE_STRIP = NO;
				DEBUG_INFORMATION_FORMAT = dwarf;
				ENABLE_STRICT_OBJC_MSGSEND = YES;
				ENABLE_TESTABILITY = YES;
				GCC_C_LANGUAGE_STANDARD = gnu11;
				GCC_DYNAMIC_NO_PIC = NO;
				GCC_NO_COMMON_BLOCKS = YES;
				GCC_OPTIMIZATION_LEVEL = 0;
				GCC_PREPROCESSOR_DEFINITIONS = (
					"DEBUG=1",
					"$(inherited)",
				);
				GCC_WARN_64_TO_32_BIT_CONVERSION = YES;
				GCC_WARN_ABOUT_RETURN_TYPE = YES_ERROR;
				GCC_WARN_UNDECLARED_SELECTOR = YES;
				GCC_WARN_UNINITIALIZED_AUTOS = YES_AGGRESSIVE;
				GCC_WARN_UNUSED_FUNCTION = YES;
				GCC_WARN_UNUSED_VARIABLE = YES;
				IPHONEOS_DEPLOYMENT_TARGET = 13.2;
				MTL_ENABLE_DEBUG_INFO = INCLUDE_SOURCE;
				MTL_FAST_MATH = YES;
				ONLY_ACTIVE_ARCH = YES;
				SDKROOT = iphoneos;
				SWIFT_ACTIVE_COMPILATION_CONDITIONS = DEBUG;
				SWIFT_OPTIMIZATION_LEVEL = "-Onone";
			};
			name = Debug;
		};
		FE7E8CB42531A2C500CD6E0C /* Release */ = {
			isa = XCBuildConfiguration;
			buildSettings = {
				ALWAYS_SEARCH_USER_PATHS = NO;
				CLANG_ANALYZER_NONNULL = YES;
				CLANG_ANALYZER_NUMBER_OBJECT_CONVERSION = YES_AGGRESSIVE;
				CLANG_CXX_LANGUAGE_STANDARD = "gnu++14";
				CLANG_CXX_LIBRARY = "libc++";
				CLANG_ENABLE_MODULES = YES;
				CLANG_ENABLE_OBJC_ARC = YES;
				CLANG_ENABLE_OBJC_WEAK = YES;
				CLANG_WARN_BLOCK_CAPTURE_AUTORELEASING = YES;
				CLANG_WARN_BOOL_CONVERSION = YES;
				CLANG_WARN_COMMA = YES;
				CLANG_WARN_CONSTANT_CONVERSION = YES;
				CLANG_WARN_DEPRECATED_OBJC_IMPLEMENTATIONS = YES;
				CLANG_WARN_DIRECT_OBJC_ISA_USAGE = YES_ERROR;
				CLANG_WARN_DOCUMENTATION_COMMENTS = YES;
				CLANG_WARN_EMPTY_BODY = YES;
				CLANG_WARN_ENUM_CONVERSION = YES;
				CLANG_WARN_INFINITE_RECURSION = YES;
				CLANG_WARN_INT_CONVERSION = YES;
				CLANG_WARN_NON_LITERAL_NULL_CONVERSION = YES;
				CLANG_WARN_OBJC_IMPLICIT_RETAIN_SELF = YES;
				CLANG_WARN_OBJC_LITERAL_CONVERSION = YES;
				CLANG_WARN_OBJC_ROOT_CLASS = YES_ERROR;
				CLANG_WARN_RANGE_LOOP_ANALYSIS = YES;
				CLANG_WARN_STRICT_PROTOTYPES = YES;
				CLANG_WARN_SUSPICIOUS_MOVE = YES;
				CLANG_WARN_UNGUARDED_AVAILABILITY = YES_AGGRESSIVE;
				CLANG_WARN_UNREACHABLE_CODE = YES;
				CLANG_WARN__DUPLICATE_METHOD_MATCH = YES;
				COPY_PHASE_STRIP = NO;
				DEBUG_INFORMATION_FORMAT = "dwarf-with-dsym";
				ENABLE_NS_ASSERTIONS = NO;
				ENABLE_STRICT_OBJC_MSGSEND = YES;
				GCC_C_LANGUAGE_STANDARD = gnu11;
				GCC_NO_COMMON_BLOCKS = YES;
				GCC_WARN_64_TO_32_BIT_CONVERSION = YES;
				GCC_WARN_ABOUT_RETURN_TYPE = YES_ERROR;
				GCC_WARN_UNDECLARED_SELECTOR = YES;
				GCC_WARN_UNINITIALIZED_AUTOS = YES_AGGRESSIVE;
				GCC_WARN_UNUSED_FUNCTION = YES;
				GCC_WARN_UNUSED_VARIABLE = YES;
				IPHONEOS_DEPLOYMENT_TARGET = 13.2;
				MTL_ENABLE_DEBUG_INFO = NO;
				MTL_FAST_MATH = YES;
				SDKROOT = iphoneos;
				SWIFT_COMPILATION_MODE = wholemodule;
				SWIFT_OPTIMIZATION_LEVEL = "-O";
				VALIDATE_PRODUCT = YES;
			};
			name = Release;
		};
		FE7E8CB62531A2C500CD6E0C /* Debug */ = {
			isa = XCBuildConfiguration;
			buildSettings = {
				ASSETCATALOG_COMPILER_APPICON_NAME = AppIcon;
				CODE_SIGN_STYLE = Automatic;
				DEVELOPMENT_ASSET_PATHS = "\"FurnitureSwiftUI/Preview Content\"";
				DEVELOPMENT_TEAM = BCBPPBQAT3;
				ENABLE_PREVIEWS = YES;
				INFOPLIST_FILE = "$(SRCROOT)/FurnitureSwiftUI/Application/Info.plist";
				LD_RUNPATH_SEARCH_PATHS = (
					"$(inherited)",
					"@executable_path/Frameworks",
				);
				PRODUCT_BUNDLE_IDENTIFIER = TAROKH.FurnitureSwiftUI;
				PRODUCT_NAME = "$(TARGET_NAME)";
				SWIFT_VERSION = 5.0;
				TARGETED_DEVICE_FAMILY = "1,2";
			};
			name = Debug;
		};
		FE7E8CB72531A2C500CD6E0C /* Release */ = {
			isa = XCBuildConfiguration;
			buildSettings = {
				ASSETCATALOG_COMPILER_APPICON_NAME = AppIcon;
				CODE_SIGN_STYLE = Automatic;
				DEVELOPMENT_ASSET_PATHS = "\"FurnitureSwiftUI/Preview Content\"";
				DEVELOPMENT_TEAM = BCBPPBQAT3;
				ENABLE_PREVIEWS = YES;
				INFOPLIST_FILE = "$(SRCROOT)/FurnitureSwiftUI/Application/Info.plist";
				LD_RUNPATH_SEARCH_PATHS = (
					"$(inherited)",
					"@executable_path/Frameworks",
				);
				PRODUCT_BUNDLE_IDENTIFIER = TAROKH.FurnitureSwiftUI;
				PRODUCT_NAME = "$(TARGET_NAME)";
				SWIFT_VERSION = 5.0;
				TARGETED_DEVICE_FAMILY = "1,2";
			};
			name = Release;
		};
/* End XCBuildConfiguration section */

/* Begin XCConfigurationList section */
		FE7E8C9C2531A2C400CD6E0C /* Build configuration list for PBXProject "FurnitureSwiftUI" */ = {
			isa = XCConfigurationList;
			buildConfigurations = (
				FE7E8CB32531A2C500CD6E0C /* Debug */,
				FE7E8CB42531A2C500CD6E0C /* Release */,
			);
			defaultConfigurationIsVisible = 0;
			defaultConfigurationName = Release;
		};
		FE7E8CB52531A2C500CD6E0C /* Build configuration list for PBXNativeTarget "FurnitureSwiftUI" */ = {
			isa = XCConfigurationList;
			buildConfigurations = (
				FE7E8CB62531A2C500CD6E0C /* Debug */,
				FE7E8CB72531A2C500CD6E0C /* Release */,
			);
			defaultConfigurationIsVisible = 0;
			defaultConfigurationName = Release;
		};
/* End XCConfigurationList section */
	};
	rootObject = FE7E8C992531A2C400CD6E0C /* Project object */;
}
